
Microsoft Visual Studio Solution File, Format Version 12.00
# Visual Studio 15
VisualStudioVersion = 15.0.26430.16
MinimumVisualStudioVersion = 10.0.40219.1
Project("{2150E333-8FDC-42A3-9474-1A3956D46DE8}") = "Engine", "Engine", "{A011EED0-F13C-4373-B76F-4D17E82454A1}"
EndProject
Project("{2150E333-8FDC-42A3-9474-1A3956D46DE8}") = "Games", "Games", "{3ED207B8-54FF-478C-9C65-1B3A81839E76}"
EndProject
Project("{8BC9CEB8-8B4A-11D0-8D11-00A0C91BC942}") = "UE4", "Intermediate\ProjectFiles\UE4.vcxproj", "{C47AC2B3-AEF7-4386-9C9C-BBAE88C4442D}"
EndProject
Project("{8BC9CEB8-8B4A-11D0-8D11-00A0C91BC942}") = "Building_Escape", "Intermediate\ProjectFiles\Building_Escape.vcxproj", "{C3BF0A87-D148-4DBE-8B11-DD7BDAC0B1FB}"
EndProject
Global
	GlobalSection(SolutionConfigurationPlatforms) = preSolution
		DebugGame Editor|HTML5 = DebugGame Editor|HTML5
		DebugGame Editor|Win32 = DebugGame Editor|Win32
		DebugGame Editor|Win64 = DebugGame Editor|Win64
		DebugGame|HTML5 = DebugGame|HTML5
		DebugGame|Win32 = DebugGame|Win32
		DebugGame|Win64 = DebugGame|Win64
		Development Editor|HTML5 = Development Editor|HTML5
		Development Editor|Win32 = Development Editor|Win32
		Development Editor|Win64 = Development Editor|Win64
		Development|HTML5 = Development|HTML5
		Development|Win32 = Development|Win32
		Development|Win64 = Development|Win64
		Shipping|HTML5 = Shipping|HTML5
		Shipping|Win32 = Shipping|Win32
		Shipping|Win64 = Shipping|Win64
	EndGlobalSection
	GlobalSection(ProjectConfigurationPlatforms) = postSolution
		{C47AC2B3-AEF7-4386-9C9C-BBAE88C4442D}.DebugGame Editor|HTML5.ActiveCfg = BuiltWithUnrealBuildTool|Win32
		{C47AC2B3-AEF7-4386-9C9C-BBAE88C4442D}.DebugGame Editor|HTML5.Build.0 = BuiltWithUnrealBuildTool|Win32
		{C47AC2B3-AEF7-4386-9C9C-BBAE88C4442D}.DebugGame Editor|Win32.ActiveCfg = BuiltWithUnrealBuildTool|Win32
		{C47AC2B3-AEF7-4386-9C9C-BBAE88C4442D}.DebugGame Editor|Win32.Build.0 = BuiltWithUnrealBuildTool|Win32
		{C47AC2B3-AEF7-4386-9C9C-BBAE88C4442D}.DebugGame Editor|Win64.ActiveCfg = BuiltWithUnrealBuildTool|Win32
		{C47AC2B3-AEF7-4386-9C9C-BBAE88C4442D}.DebugGame Editor|Win64.Build.0 = BuiltWithUnrealBuildTool|Win32
		{C47AC2B3-AEF7-4386-9C9C-BBAE88C4442D}.DebugGame|HTML5.ActiveCfg = BuiltWithUnrealBuildTool|Win32
		{C47AC2B3-AEF7-4386-9C9C-BBAE88C4442D}.DebugGame|HTML5.Build.0 = BuiltWithUnrealBuildTool|Win32
		{C47AC2B3-AEF7-4386-9C9C-BBAE88C4442D}.DebugGame|Win32.ActiveCfg = BuiltWithUnrealBuildTool|Win32
		{C47AC2B3-AEF7-4386-9C9C-BBAE88C4442D}.DebugGame|Win32.Build.0 = BuiltWithUnrealBuildTool|Win32
		{C47AC2B3-AEF7-4386-9C9C-BBAE88C4442D}.DebugGame|Win64.ActiveCfg = BuiltWithUnrealBuildTool|Win32
		{C47AC2B3-AEF7-4386-9C9C-BBAE88C4442D}.DebugGame|Win64.Build.0 = BuiltWithUnrealBuildTool|Win32
		{C47AC2B3-AEF7-4386-9C9C-BBAE88C4442D}.Development Editor|HTML5.ActiveCfg = BuiltWithUnrealBuildTool|Win32
		{C47AC2B3-AEF7-4386-9C9C-BBAE88C4442D}.Development Editor|HTML5.Build.0 = BuiltWithUnrealBuildTool|Win32
		{C47AC2B3-AEF7-4386-9C9C-BBAE88C4442D}.Development Editor|Win32.ActiveCfg = BuiltWithUnrealBuildTool|Win32
		{C47AC2B3-AEF7-4386-9C9C-BBAE88C4442D}.Development Editor|Win32.Build.0 = BuiltWithUnrealBuildTool|Win32
		{C47AC2B3-AEF7-4386-9C9C-BBAE88C4442D}.Development Editor|Win64.ActiveCfg = BuiltWithUnrealBuildTool|Win32
		{C47AC2B3-AEF7-4386-9C9C-BBAE88C4442D}.Development Editor|Win64.Build.0 = BuiltWithUnrealBuildTool|Win32
		{C47AC2B3-AEF7-4386-9C9C-BBAE88C4442D}.Development|HTML5.ActiveCfg = BuiltWithUnrealBuildTool|Win32
		{C47AC2B3-AEF7-4386-9C9C-BBAE88C4442D}.Development|HTML5.Build.0 = BuiltWithUnrealBuildTool|Win32
		{C47AC2B3-AEF7-4386-9C9C-BBAE88C4442D}.Development|Win32.ActiveCfg = BuiltWithUnrealBuildTool|Win32
		{C47AC2B3-AEF7-4386-9C9C-BBAE88C4442D}.Development|Win32.Build.0 = BuiltWithUnrealBuildTool|Win32
		{C47AC2B3-AEF7-4386-9C9C-BBAE88C4442D}.Development|Win64.ActiveCfg = BuiltWithUnrealBuildTool|Win32
		{C47AC2B3-AEF7-4386-9C9C-BBAE88C4442D}.Development|Win64.Build.0 = BuiltWithUnrealBuildTool|Win32
		{C47AC2B3-AEF7-4386-9C9C-BBAE88C4442D}.Shipping|HTML5.ActiveCfg = BuiltWithUnrealBuildTool|Win32
		{C47AC2B3-AEF7-4386-9C9C-BBAE88C4442D}.Shipping|HTML5.Build.0 = BuiltWithUnrealBuildTool|Win32
		{C47AC2B3-AEF7-4386-9C9C-BBAE88C4442D}.Shipping|Win32.ActiveCfg = BuiltWithUnrealBuildTool|Win32
		{C47AC2B3-AEF7-4386-9C9C-BBAE88C4442D}.Shipping|Win32.Build.0 = BuiltWithUnrealBuildTool|Win32
		{C47AC2B3-AEF7-4386-9C9C-BBAE88C4442D}.Shipping|Win64.ActiveCfg = BuiltWithUnrealBuildTool|Win32
		{C47AC2B3-AEF7-4386-9C9C-BBAE88C4442D}.Shipping|Win64.Build.0 = BuiltWithUnrealBuildTool|Win32
		{C3BF0A87-D148-4DBE-8B11-DD7BDAC0B1FB}.DebugGame Editor|HTML5.ActiveCfg = HTML5_DebugGame_Editor|Win32
		{C3BF0A87-D148-4DBE-8B11-DD7BDAC0B1FB}.DebugGame Editor|Win32.ActiveCfg = DebugGame_Editor|Win32
		{C3BF0A87-D148-4DBE-8B11-DD7BDAC0B1FB}.DebugGame Editor|Win64.ActiveCfg = DebugGame_Editor|x64
		{C3BF0A87-D148-4DBE-8B11-DD7BDAC0B1FB}.DebugGame Editor|Win64.Build.0 = DebugGame_Editor|x64
		{C3BF0A87-D148-4DBE-8B11-DD7BDAC0B1FB}.DebugGame|HTML5.ActiveCfg = HTML5_DebugGame_Game|Win32
		{C3BF0A87-D148-4DBE-8B11-DD7BDAC0B1FB}.DebugGame|HTML5.Build.0 = HTML5_DebugGame_Game|Win32
		{C3BF0A87-D148-4DBE-8B11-DD7BDAC0B1FB}.DebugGame|Win32.ActiveCfg = DebugGame_Game|Win32
		{C3BF0A87-D148-4DBE-8B11-DD7BDAC0B1FB}.DebugGame|Win32.Build.0 = DebugGame_Game|Win32
		{C3BF0A87-D148-4DBE-8B11-DD7BDAC0B1FB}.DebugGame|Win64.ActiveCfg = DebugGame_Game|x64
		{C3BF0A87-D148-4DBE-8B11-DD7BDAC0B1FB}.DebugGame|Win64.Build.0 = DebugGame_Game|x64
		{C3BF0A87-D148-4DBE-8B11-DD7BDAC0B1FB}.Development Editor|HTML5.ActiveCfg = HTML5_Development_Editor|Win32
		{C3BF0A87-D148-4DBE-8B11-DD7BDAC0B1FB}.Development Editor|Win32.ActiveCfg = Development_Editor|Win32
		{C3BF0A87-D148-4DBE-8B11-DD7BDAC0B1FB}.Development Editor|Win64.ActiveCfg = Development_Editor|x64
		{C3BF0A87-D148-4DBE-8B11-DD7BDAC0B1FB}.Development Editor|Win64.Build.0 = Development_Editor|x64
		{C3BF0A87-D148-4DBE-8B11-DD7BDAC0B1FB}.Development|HTML5.ActiveCfg = HTML5_Development_Game|Win32
		{C3BF0A87-D148-4DBE-8B11-DD7BDAC0B1FB}.Development|HTML5.Build.0 = HTML5_Development_Game|Win32
		{C3BF0A87-D148-4DBE-8B11-DD7BDAC0B1FB}.Development|Win32.ActiveCfg = Development_Game|Win32
		{C3BF0A87-D148-4DBE-8B11-DD7BDAC0B1FB}.Development|Win32.Build.0 = Development_Game|Win32
		{C3BF0A87-D148-4DBE-8B11-DD7BDAC0B1FB}.Development|Win64.ActiveCfg = Development_Game|x64
		{C3BF0A87-D148-4DBE-8B11-DD7BDAC0B1FB}.Development|Win64.Build.0 = Development_Game|x64
		{C3BF0A87-D148-4DBE-8B11-DD7BDAC0B1FB}.Shipping|HTML5.ActiveCfg = HTML5_Shipping_Game|Win32
		{C3BF0A87-D148-4DBE-8B11-DD7BDAC0B1FB}.Shipping|HTML5.Build.0 = HTML5_Shipping_Game|Win32
		{C3BF0A87-D148-4DBE-8B11-DD7BDAC0B1FB}.Shipping|Win32.ActiveCfg = Shipping_Game|Win32
		{C3BF0A87-D148-4DBE-8B11-DD7BDAC0B1FB}.Shipping|Win32.Build.0 = Shipping_Game|Win32
		{C3BF0A87-D148-4DBE-8B11-DD7BDAC0B1FB}.Shipping|Win64.ActiveCfg = Shipping_Game|x64
		{C3BF0A87-D148-4DBE-8B11-DD7BDAC0B1FB}.Shipping|Win64.Build.0 = Shipping_Game|x64
	EndGlobalSection
	GlobalSection(SolutionProperties) = preSolution
		HideSolutionNode = FALSE
	EndGlobalSection
	GlobalSection(NestedProjects) = preSolution
		{C47AC2B3-AEF7-4386-9C9C-BBAE88C4442D} = {A011EED0-F13C-4373-B76F-4D17E82454A1}
		{C3BF0A87-D148-4DBE-8B11-DD7BDAC0B1FB} = {3ED207B8-54FF-478C-9C65-1B3A81839E76}
	EndGlobalSection
EndGlobal
